
Microsoft Visual Studio Solution File, Format Version 12.00
# Visual Studio Version 17
VisualStudioVersion = 17.13.35828.75
MinimumVisualStudioVersion = 10.0.40219.1
Project("{FAE04EC0-301F-11D3-BF4B-00C04F79EFBC}") = "TH_WEB_4_UP", "TH_WEB_4_UP\TH_WEB_4_UP.csproj", "{0CCB3997-0376-4A2F-AB8B-202E4E4C5DF5}"
EndProject
Global
	GlobalSection(SolutionConfigurationPlatforms) = preSolution
		Debug|Any CPU = Debug|Any CPU
		Release|Any CPU = Release|Any CPU
	EndGlobalSection
	GlobalSection(ProjectConfigurationPlatforms) = postSolution
		{0CCB3997-0376-4A2F-AB8B-202E4E4C5DF5}.Debug|Any CPU.ActiveCfg = Debug|Any CPU
		{0CCB3997-0376-4A2F-AB8B-202E4E4C5DF5}.Debug|Any CPU.Build.0 = Debug|Any CPU
		{0CCB3997-0376-4A2F-AB8B-202E4E4C5DF5}.Release|Any CPU.ActiveCfg = Release|Any CPU
		{0CCB3997-0376-4A2F-AB8B-202E4E4C5DF5}.Release|Any CPU.Build.0 = Release|Any CPU
	EndGlobalSection
	GlobalSection(SolutionProperties) = preSolution
		HideSolutionNode = FALSE
	EndGlobalSection
	GlobalSection(ExtensibilityGlobals) = postSolution
		SolutionGuid = {1425696A-7D47-4B4A-93FC-427A7EDCD20C}
	EndGlobalSection
EndGlobal
